{
  "name": "grunt-stryker",
  "version": "6.4.1",
  "lockfileVersion": 2,
  "requires": true,
  "packages": {
    "": {
      "name": "grunt-stryker",
      "version": "6.4.1",
      "license": "Apache-2.0",
      "devDependencies": {
        "@types/node": "18.15.1"
      },
      "engines": {
        "node": ">= 8"
      },
      "peerDependencies": {
        "@stryker-mutator/core": "^6.4.0",
        "grunt": ">=0.4.5"
      }
    },
    "node_modules/@types/node": {
      "version": "18.15.1",
      "resolved": "https://registry.npmjs.org/@types/node/-/node-18.15.1.tgz",
      "integrity": "sha512-U2TWca8AeHSmbpi314QBESRk7oPjSZjDsR+c+H4ECC1l+kFgpZf8Ydhv3SJpPy51VyZHHqxlb6mTTqYNNRVAIw==",
      "dev": true
    }
  },
  "dependencies": {
    "@types/node": {
      "version": "18.15.1",
      "resolved": "https://registry.npmjs.org/@types/node/-/node-18.15.1.tgz",
      "integrity": "sha512-U2TWca8AeHSmbpi314QBESRk7oPjSZjDsR+c+H4ECC1l+kFgpZf8Ydhv3SJpPy51VyZHHqxlb6mTTqYNNRVAIw==",
      "dev": true
    }
  }
}
